
Microsoft Visual Studio Solution File, Format Version 12.00
# Visual Studio Version 17
VisualStudioVersion = 17.6.33723.286
MinimumVisualStudioVersion = 10.0.40219.1
Project("{FAE04EC0-301F-11D3-BF4B-00C04F79EFBC}") = "ElevatorChallenge", "ElevatorChallenge\ElevatorChallenge.csproj", "{18BA8513-25EB-4C6B-8A42-1ECF662B561F}"
EndProject
Global
	GlobalSection(SolutionConfigurationPlatforms) = preSolution
		Debug|Any CPU = Debug|Any CPU
		Release|Any CPU = Release|Any CPU
	EndGlobalSection
	GlobalSection(ProjectConfigurationPlatforms) = postSolution
		{18BA8513-25EB-4C6B-8A42-1ECF662B561F}.Debug|Any CPU.ActiveCfg = Debug|Any CPU
		{18BA8513-25EB-4C6B-8A42-1ECF662B561F}.Debug|Any CPU.Build.0 = Debug|Any CPU
		{18BA8513-25EB-4C6B-8A42-1ECF662B561F}.Release|Any CPU.ActiveCfg = Release|Any CPU
		{18BA8513-25EB-4C6B-8A42-1ECF662B561F}.Release|Any CPU.Build.0 = Release|Any CPU
	EndGlobalSection
	GlobalSection(SolutionProperties) = preSolution
		HideSolutionNode = FALSE
	EndGlobalSection
	GlobalSection(ExtensibilityGlobals) = postSolution
		SolutionGuid = {7E83A366-F45B-484B-8DBF-F21A85B152B6}
	EndGlobalSection
EndGlobal
